
Microsoft Visual Studio Solution File, Format Version 12.00
# Visual Studio Version 17
VisualStudioVersion = 17.11.35222.181
MinimumVisualStudioVersion = 10.0.40219.1
Project("{FAE04EC0-301F-11D3-BF4B-00C04F79EFBC}") = "Api", "Api\Api.csproj", "{19E7411F-47CF-4982-8800-7DEDAE819711}"
EndProject
Project("{FAE04EC0-301F-11D3-BF4B-00C04F79EFBC}") = "Entities", "Entities\Entities.csproj", "{93C480D7-2081-4312-B8CE-76DAE3E8D427}"
EndProject
Project("{FAE04EC0-301F-11D3-BF4B-00C04F79EFBC}") = "Business", "Business\Business.csproj", "{9A26F351-6D74-4E40-8939-34257C502A08}"
EndProject
Project("{FAE04EC0-301F-11D3-BF4B-00C04F79EFBC}") = "DataAccess", "DataAccess\DataAccess.csproj", "{1B93CD99-0AA1-4485-B079-6715DFFFB7DB}"
EndProject
Project("{FAE04EC0-301F-11D3-BF4B-00C04F79EFBC}") = "Core", "Core\Core.csproj", "{B4465CB5-F68A-4D97-8E26-5701755D90A8}"
EndProject
Global
	GlobalSection(SolutionConfigurationPlatforms) = preSolution
		Debug|Any CPU = Debug|Any CPU
		Release|Any CPU = Release|Any CPU
	EndGlobalSection
	GlobalSection(ProjectConfigurationPlatforms) = postSolution
		{19E7411F-47CF-4982-8800-7DEDAE819711}.Debug|Any CPU.ActiveCfg = Debug|Any CPU
		{19E7411F-47CF-4982-8800-7DEDAE819711}.Debug|Any CPU.Build.0 = Debug|Any CPU
		{19E7411F-47CF-4982-8800-7DEDAE819711}.Release|Any CPU.ActiveCfg = Release|Any CPU
		{19E7411F-47CF-4982-8800-7DEDAE819711}.Release|Any CPU.Build.0 = Release|Any CPU
		{93C480D7-2081-4312-B8CE-76DAE3E8D427}.Debug|Any CPU.ActiveCfg = Debug|Any CPU
		{93C480D7-2081-4312-B8CE-76DAE3E8D427}.Debug|Any CPU.Build.0 = Debug|Any CPU
		{93C480D7-2081-4312-B8CE-76DAE3E8D427}.Release|Any CPU.ActiveCfg = Release|Any CPU
		{93C480D7-2081-4312-B8CE-76DAE3E8D427}.Release|Any CPU.Build.0 = Release|Any CPU
		{9A26F351-6D74-4E40-8939-34257C502A08}.Debug|Any CPU.ActiveCfg = Debug|Any CPU
		{9A26F351-6D74-4E40-8939-34257C502A08}.Debug|Any CPU.Build.0 = Debug|Any CPU
		{9A26F351-6D74-4E40-8939-34257C502A08}.Release|Any CPU.ActiveCfg = Release|Any CPU
		{9A26F351-6D74-4E40-8939-34257C502A08}.Release|Any CPU.Build.0 = Release|Any CPU
		{1B93CD99-0AA1-4485-B079-6715DFFFB7DB}.Debug|Any CPU.ActiveCfg = Debug|Any CPU
		{1B93CD99-0AA1-4485-B079-6715DFFFB7DB}.Debug|Any CPU.Build.0 = Debug|Any CPU
		{1B93CD99-0AA1-4485-B079-6715DFFFB7DB}.Release|Any CPU.ActiveCfg = Release|Any CPU
		{1B93CD99-0AA1-4485-B079-6715DFFFB7DB}.Release|Any CPU.Build.0 = Release|Any CPU
		{B4465CB5-F68A-4D97-8E26-5701755D90A8}.Debug|Any CPU.ActiveCfg = Debug|Any CPU
		{B4465CB5-F68A-4D97-8E26-5701755D90A8}.Debug|Any CPU.Build.0 = Debug|Any CPU
		{B4465CB5-F68A-4D97-8E26-5701755D90A8}.Release|Any CPU.ActiveCfg = Release|Any CPU
		{B4465CB5-F68A-4D97-8E26-5701755D90A8}.Release|Any CPU.Build.0 = Release|Any CPU
	EndGlobalSection
	GlobalSection(SolutionProperties) = preSolution
		HideSolutionNode = FALSE
	EndGlobalSection
	GlobalSection(ExtensibilityGlobals) = postSolution
		SolutionGuid = {553F95E0-F0F2-43BB-A479-6D909F0DB410}
	EndGlobalSection
EndGlobal
